
Microsoft Visual Studio Solution File, Format Version 12.00
# Visual Studio Version 16
VisualStudioVersion = 16.0.31025.194
MinimumVisualStudioVersion = 10.0.40219.1
Project("{888888A0-9F3D-457C-B088-3A5042F75D52}") = "tessst", "tessst\tessst.pyproj", "{982B4FA0-84F0-4651-9FDC-D187136BD985}"
EndProject
Global
	GlobalSection(SolutionConfigurationPlatforms) = preSolution
		Debug|Any CPU = Debug|Any CPU
		Release|Any CPU = Release|Any CPU
	EndGlobalSection
	GlobalSection(ProjectConfigurationPlatforms) = postSolution
		{982B4FA0-84F0-4651-9FDC-D187136BD985}.Debug|Any CPU.ActiveCfg = Debug|Any CPU
		{982B4FA0-84F0-4651-9FDC-D187136BD985}.Release|Any CPU.ActiveCfg = Release|Any CPU
	EndGlobalSection
	GlobalSection(SolutionProperties) = preSolution
		HideSolutionNode = FALSE
	EndGlobalSection
	GlobalSection(ExtensibilityGlobals) = postSolution
		SolutionGuid = {A808767D-28A1-4418-AEDF-D1CD3190A227}
	EndGlobalSection
EndGlobal
